
Microsoft Visual Studio Solution File, Format Version 12.00
# Visual Studio Version 17
VisualStudioVersion = 17.0.31903.59
MinimumVisualStudioVersion = 10.0.40219.1
Project("{FAE04EC0-301F-11D3-BF4B-00C04F79EFBC}") = "JetSMSARGE.WebAPI", "JetSMSARGE.WebAPI\JetSMSARGE.WebAPI.csproj", "{7524C47C-7B45-4E9E-A153-D3A12ED5B90C}"
EndProject
Global
	GlobalSection(SolutionConfigurationPlatforms) = preSolution
		Debug|Any CPU = Debug|Any CPU
		Release|Any CPU = Release|Any CPU
	EndGlobalSection
	GlobalSection(SolutionProperties) = preSolution
		HideSolutionNode = FALSE
	EndGlobalSection
	GlobalSection(ProjectConfigurationPlatforms) = postSolution
		{7524C47C-7B45-4E9E-A153-D3A12ED5B90C}.Debug|Any CPU.ActiveCfg = Debug|Any CPU
		{7524C47C-7B45-4E9E-A153-D3A12ED5B90C}.Debug|Any CPU.Build.0 = Debug|Any CPU
		{7524C47C-7B45-4E9E-A153-D3A12ED5B90C}.Release|Any CPU.ActiveCfg = Release|Any CPU
		{7524C47C-7B45-4E9E-A153-D3A12ED5B90C}.Release|Any CPU.Build.0 = Release|Any CPU
	EndGlobalSection
EndGlobal
